<?xml version="1.0" encoding="utf-8"?>
<Project ToolsVersion="4.0" xmlns="http://schemas.microsoft.com/developer/msbuild/2003">
  <ItemGroup>
    <Filter Include="소스 파일">
      <UniqueIdentifier>{4FC737F1-C7A5-4376-A066-2A32D752A2FF}</UniqueIdentifier>
      <Extensions>cpp;c;cc;cxx;def;odl;idl;hpj;bat;asm;asmx</Extensions>
    </Filter>
    <Filter Include="헤더 파일">
      <UniqueIdentifier>{93995380-89BD-4b04-88EB-625FBE52EBFB}</UniqueIdentifier>
      <Extensions>h;hh;hpp;hxx;hm;inl;inc;ipp;xsd</Extensions>
    </Filter>
    <Filter Include="리소스 파일">
      <UniqueIdentifier>{67DA6AB6-F800-4c08-8B7A-83BB121AAD01}</UniqueIdentifier>
      <Extensions>rc;ico;cur;bmp;dlg;rc2;rct;bin;rgs;gif;jpg;jpeg;jpe;resx;tiff;tif;png;wav;mfcribbon-ms</Extensions>
    </Filter>
    <Filter Include="light_ps_vs">
      <UniqueIdentifier>{b182aebb-b016-494d-b4a5-75672b237728}</UniqueIdentifier>
    </Filter>
    <Filter Include="texture_ps_vs">
      <UniqueIdentifier>{e1b1df91-f68a-493f-8b65-9cf76454e71d}</UniqueIdentifier>
    </Filter>
    <Filter Include="font_ps_vs">
      <UniqueIdentifier>{9a2a7fcc-dd52-4847-b563-e412ad538dff}</UniqueIdentifier>
    </Filter>
    <Filter Include="skydome_vs_ps">
      <UniqueIdentifier>{d4bcddbf-38d0-42d8-b281-7c1e1fe877da}</UniqueIdentifier>
    </Filter>
  </ItemGroup>
  <ItemGroup>
    <ClCompile Include="graphicsclass.cpp">
      <Filter>소스 파일</Filter>
    </ClCompile>
    <ClCompile Include="inputclass.cpp">
      <Filter>소스 파일</Filter>
    </ClCompile>
    <ClCompile Include="main.cpp">
      <Filter>소스 파일</Filter>
    </ClCompile>
    <ClCompile Include="systemclass.cpp">
      <Filter>소스 파일</Filter>
    </ClCompile>
    <ClCompile Include="d3dclass.cpp">
      <Filter>소스 파일</Filter>
    </ClCompile>
    <ClCompile Include="ModelClass.cpp">
      <Filter>소스 파일</Filter>
    </ClCompile>
    <ClCompile Include="CameraClass.cpp">
      <Filter>소스 파일</Filter>
    </ClCompile>
    <ClCompile Include="LightShaderClass.cpp">
      <Filter>소스 파일</Filter>
    </ClCompile>
    <ClCompile Include="LightClass.cpp">
      <Filter>소스 파일</Filter>
    </ClCompile>
    <ClCompile Include="TextureClass.cpp">
      <Filter>소스 파일</Filter>
    </ClCompile>
    <ClCompile Include="BitmapClass.cpp">
      <Filter>소스 파일</Filter>
    </ClCompile>
    <ClCompile Include="TextureShaderClass.cpp">
      <Filter>소스 파일</Filter>
    </ClCompile>
    <ClCompile Include="FontClass.cpp">
      <Filter>소스 파일</Filter>
    </ClCompile>
    <ClCompile Include="FontShaderClass.cpp">
      <Filter>소스 파일</Filter>
    </ClCompile>
    <ClCompile Include="TextClass.cpp">
      <Filter>소스 파일</Filter>
    </ClCompile>
    <ClCompile Include="FpsClass.cpp">
      <Filter>소스 파일</Filter>
    </ClCompile>
    <ClCompile Include="CpuClass.cpp">
      <Filter>소스 파일</Filter>
    </ClCompile>
    <ClCompile Include="TimerClass.cpp">
      <Filter>소스 파일</Filter>
    </ClCompile>
    <ClCompile Include="SkydomeClass.cpp">
      <Filter>소스 파일</Filter>
    </ClCompile>
    <ClCompile Include="ShyDomeShaderClass.cpp">
      <Filter>소스 파일</Filter>
    </ClCompile>
  </ItemGroup>
  <ItemGroup>
    <ClInclude Include="graphicsclass.h">
      <Filter>헤더 파일</Filter>
    </ClInclude>
    <ClInclude Include="inputclass.h">
      <Filter>헤더 파일</Filter>
    </ClInclude>
    <ClInclude Include="systemclass.h">
      <Filter>헤더 파일</Filter>
    </ClInclude>
    <ClInclude Include="d3dclass.h">
      <Filter>헤더 파일</Filter>
    </ClInclude>
    <ClInclude Include="ModelClass.h">
      <Filter>헤더 파일</Filter>
    </ClInclude>
    <ClInclude Include="CameraClass.h">
      <Filter>헤더 파일</Filter>
    </ClInclude>
    <ClInclude Include="LightShaderClass.h">
      <Filter>헤더 파일</Filter>
    </ClInclude>
    <ClInclude Include="LightClass.h">
      <Filter>헤더 파일</Filter>
    </ClInclude>
    <ClInclude Include="TextureClass.h">
      <Filter>헤더 파일</Filter>
    </ClInclude>
    <ClInclude Include="BitmapClass.h">
      <Filter>헤더 파일</Filter>
    </ClInclude>
    <ClInclude Include="TextureShaderClass.h">
      <Filter>헤더 파일</Filter>
    </ClInclude>
    <ClInclude Include="FontClass.h">
      <Filter>헤더 파일</Filter>
    </ClInclude>
    <ClInclude Include="FontShaderClass.h">
      <Filter>헤더 파일</Filter>
    </ClInclude>
    <ClInclude Include="TextClass.h">
      <Filter>헤더 파일</Filter>
    </ClInclude>
    <ClInclude Include="FpsClass.h">
      <Filter>헤더 파일</Filter>
    </ClInclude>
    <ClInclude Include="CpuClass.h">
      <Filter>헤더 파일</Filter>
    </ClInclude>
    <ClInclude Include="TimerClass.h">
      <Filter>헤더 파일</Filter>
    </ClInclude>
    <ClInclude Include="SkydomeClass.h">
      <Filter>헤더 파일</Filter>
    </ClInclude>
    <ClInclude Include="ShyDomeShaderClass.h">
      <Filter>헤더 파일</Filter>
    </ClInclude>
  </ItemGroup>
  <ItemGroup>
    <None Include="Light.vs">
      <Filter>light_ps_vs</Filter>
    </None>
    <None Include="Light.ps">
      <Filter>light_ps_vs</Filter>
    </None>
    <None Include="texture.ps">
      <Filter>texture_ps_vs</Filter>
    </None>
    <None Include="texture.vs">
      <Filter>texture_ps_vs</Filter>
    </None>
    <None Include="font.vs">
      <Filter>font_ps_vs</Filter>
    </None>
    <None Include="font.ps">
      <Filter>font_ps_vs</Filter>
    </None>
    <None Include="Skydome.ps">
      <Filter>skydome_vs_ps</Filter>
    </None>
    <None Include="Skydome.vs">
      <Filter>skydome_vs_ps</Filter>
    </None>
  </ItemGroup>
</Project>